// !$*UTF8*$!
{
	archiveVersion = 1;
	classes = {
	};
	objectVersion = 46;
	objects = {

/* Begin PBXBuildFile section */
		804EBB141ECB3EF000CF3A27 /* Controller.cpp in Sources */ = {isa = PBXBuildFile; fileRef = 804EBB051ECB3EF000CF3A27 /* Controller.cpp */; };
		804EBB151ECB3EF000CF3A27 /* DynamicVector.cpp in Sources */ = {isa = PBXBuildFile; fileRef = 804EBB071ECB3EF000CF3A27 /* DynamicVector.cpp */; };
		804EBB161ECB3EF000CF3A27 /* main.cpp in Sources */ = {isa = PBXBuildFile; fileRef = 804EBB091ECB3EF000CF3A27 /* main.cpp */; };
		804EBB171ECB3EF000CF3A27 /* Movie.cpp in Sources */ = {isa = PBXBuildFile; fileRef = 804EBB0A1ECB3EF000CF3A27 /* Movie.cpp */; };
		804EBB181ECB3EF000CF3A27 /* Repository.cpp in Sources */ = {isa = PBXBuildFile; fileRef = 804EBB0C1ECB3EF000CF3A27 /* Repository.cpp */; };
		804EBB191ECB3EF000CF3A27 /* Tests.cpp in Sources */ = {isa = PBXBuildFile; fileRef = 804EBB0E1ECB3EF000CF3A27 /* Tests.cpp */; };
		804EBB1A1ECB3EF000CF3A27 /* UI.cpp in Sources */ = {isa = PBXBuildFile; fileRef = 804EBB101ECB3EF000CF3A27 /* UI.cpp */; };
		804EBB1B1ECB3EF000CF3A27 /* WatchList.cpp in Sources */ = {isa = PBXBuildFile; fileRef = 804EBB121ECB3EF000CF3A27 /* WatchList.cpp */; };
/* End PBXBuildFile section */

/* Begin PBXCopyFilesBuildPhase section */
		804EBAF91ECB3D5800CF3A27 /* CopyFiles */ = {
			isa = PBXCopyFilesBuildPhase;
			buildActionMask = 2147483647;
			dstPath = /usr/share/man/man1/;
			dstSubfolderSpec = 0;
			files = (
			);
			runOnlyForDeploymentPostprocessing = 1;
		};
/* End PBXCopyFilesBuildPhase section */

/* Begin PBXFileReference section */
		804EBAFB1ECB3D5900CF3A27 /* Laborator Buxi */ = {isa = PBXFileReference; explicitFileType = "compiled.mach-o.executable"; includeInIndex = 0; path = "Laborator Buxi"; sourceTree = BUILT_PRODUCTS_DIR; };
		804EBB051ECB3EF000CF3A27 /* Controller.cpp */ = {isa = PBXFileReference; fileEncoding = 4; lastKnownFileType = sourcecode.cpp.cpp; name = Controller.cpp; path = ../Controller.cpp; sourceTree = "<group>"; };
		804EBB061ECB3EF000CF3A27 /* Controller.h */ = {isa = PBXFileReference; fileEncoding = 4; lastKnownFileType = sourcecode.c.h; name = Controller.h; path = ../Controller.h; sourceTree = "<group>"; };
		804EBB071ECB3EF000CF3A27 /* DynamicVector.cpp */ = {isa = PBXFileReference; fileEncoding = 4; lastKnownFileType = sourcecode.cpp.cpp; name = DynamicVector.cpp; path = ../DynamicVector.cpp; sourceTree = "<group>"; };
		804EBB081ECB3EF000CF3A27 /* DynamicVector.hpp */ = {isa = PBXFileReference; fileEncoding = 4; lastKnownFileType = sourcecode.cpp.h; name = DynamicVector.hpp; path = ../DynamicVector.hpp; sourceTree = "<group>"; };
		804EBB091ECB3EF000CF3A27 /* main.cpp */ = {isa = PBXFileReference; fileEncoding = 4; lastKnownFileType = sourcecode.cpp.cpp; name = main.cpp; path = ../main.cpp; sourceTree = "<group>"; };
		804EBB0A1ECB3EF000CF3A27 /* Movie.cpp */ = {isa = PBXFileReference; fileEncoding = 4; lastKnownFileType = sourcecode.cpp.cpp; name = Movie.cpp; path = ../Movie.cpp; sourceTree = "<group>"; };
		804EBB0B1ECB3EF000CF3A27 /* Movie.h */ = {isa = PBXFileReference; fileEncoding = 4; lastKnownFileType = sourcecode.c.h; name = Movie.h; path = ../Movie.h; sourceTree = "<group>"; };
		804EBB0C1ECB3EF000CF3A27 /* Repository.cpp */ = {isa = PBXFileReference; fileEncoding = 4; lastKnownFileType = sourcecode.cpp.cpp; name = Repository.cpp; path = ../Repository.cpp; sourceTree = "<group>"; };
		804EBB0D1ECB3EF000CF3A27 /* Repository.h */ = {isa = PBXFileReference; fileEncoding = 4; lastKnownFileType = sourcecode.c.h; name = Repository.h; path = ../Repository.h; sourceTree = "<group>"; };
		804EBB0E1ECB3EF000CF3A27 /* Tests.cpp */ = {isa = PBXFileReference; fileEncoding = 4; lastKnownFileType = sourcecode.cpp.cpp; name = Tests.cpp; path = ../Tests.cpp; sourceTree = "<group>"; };
		804EBB0F1ECB3EF000CF3A27 /* Tests.h */ = {isa = PBXFileReference; fileEncoding = 4; lastKnownFileType = sourcecode.c.h; name = Tests.h; path = ../Tests.h; sourceTree = "<group>"; };
		804EBB101ECB3EF000CF3A27 /* UI.cpp */ = {isa = PBXFileReference; fileEncoding = 4; lastKnownFileType = sourcecode.cpp.cpp; name = UI.cpp; path = ../UI.cpp; sourceTree = "<group>"; };
		804EBB111ECB3EF000CF3A27 /* UI.h */ = {isa = PBXFileReference; fileEncoding = 4; lastKnownFileType = sourcecode.c.h; name = UI.h; path = ../UI.h; sourceTree = "<group>"; };
		804EBB121ECB3EF000CF3A27 /* WatchList.cpp */ = {isa = PBXFileReference; fileEncoding = 4; lastKnownFileType = sourcecode.cpp.cpp; name = WatchList.cpp; path = ../WatchList.cpp; sourceTree = "<group>"; };
		804EBB131ECB3EF000CF3A27 /* WatchList.h */ = {isa = PBXFileReference; fileEncoding = 4; lastKnownFileType = sourcecode.c.h; name = WatchList.h; path = ../WatchList.h; sourceTree = "<group>"; };
/* End PBXFileReference section */

/* Begin PBXFrameworksBuildPhase section */
		804EBAF81ECB3D5800CF3A27 /* Frameworks */ = {
			isa = PBXFrameworksBuildPhase;
			buildActionMask = 2147483647;
			files = (
			);
			runOnlyForDeploymentPostprocessing = 0;
		};
/* End PBXFrameworksBuildPhase section */

/* Begin PBXGroup section */
		804EBAF21ECB3D5800CF3A27 = {
			isa = PBXGroup;
			children = (
				804EBAFD1ECB3D5900CF3A27 /* Laborator Buxi */,
				804EBAFC1ECB3D5900CF3A27 /* Products */,
			);
			sourceTree = "<group>";
		};
		804EBAFC1ECB3D5900CF3A27 /* Products */ = {
			isa = PBXGroup;
			children = (
				804EBAFB1ECB3D5900CF3A27 /* Laborator Buxi */,
			);
			name = Products;
			sourceTree = "<group>";
		};
		804EBAFD1ECB3D5900CF3A27 /* Laborator Buxi */ = {
			isa = PBXGroup;
			children = (
				804EBB051ECB3EF000CF3A27 /* Controller.cpp */,
				804EBB061ECB3EF000CF3A27 /* Controller.h */,
				804EBB071ECB3EF000CF3A27 /* DynamicVector.cpp */,
				804EBB081ECB3EF000CF3A27 /* DynamicVector.hpp */,
				804EBB091ECB3EF000CF3A27 /* main.cpp */,
				804EBB0A1ECB3EF000CF3A27 /* Movie.cpp */,
				804EBB0B1ECB3EF000CF3A27 /* Movie.h */,
				804EBB0C1ECB3EF000CF3A27 /* Repository.cpp */,
				804EBB0D1ECB3EF000CF3A27 /* Repository.h */,
				804EBB0E1ECB3EF000CF3A27 /* Tests.cpp */,
				804EBB0F1ECB3EF000CF3A27 /* Tests.h */,
				804EBB101ECB3EF000CF3A27 /* UI.cpp */,
				804EBB111ECB3EF000CF3A27 /* UI.h */,
				804EBB121ECB3EF000CF3A27 /* WatchList.cpp */,
				804EBB131ECB3EF000CF3A27 /* WatchList.h */,
			);
			path = "Laborator Buxi";
			sourceTree = "<group>";
		};
/* End PBXGroup section */

/* Begin PBXNativeTarget section */
		804EBAFA1ECB3D5800CF3A27 /* Laborator Buxi */ = {
			isa = PBXNativeTarget;
			buildConfigurationList = 804EBB021ECB3D5900CF3A27 /* Build configuration list for PBXNativeTarget "Laborator Buxi" */;
			buildPhases = (
				804EBAF71ECB3D5800CF3A27 /* Sources */,
				804EBAF81ECB3D5800CF3A27 /* Frameworks */,
				804EBAF91ECB3D5800CF3A27 /* CopyFiles */,
			);
			buildRules = (
			);
			dependencies = (
			);
			name = "Laborator Buxi";
			productName = "Laborator Buxi";
			productReference = 804EBAFB1ECB3D5900CF3A27 /* Laborator Buxi */;
			productType = "com.apple.product-type.tool";
		};
/* End PBXNativeTarget section */

/* Begin PBXProject section */
		804EBAF31ECB3D5800CF3A27 /* Project object */ = {
			isa = PBXProject;
			attributes = {
				LastUpgradeCheck = 0830;
				ORGANIZATIONNAME = "Gal Oscar";
				TargetAttributes = {
					804EBAFA1ECB3D5800CF3A27 = {
						CreatedOnToolsVersion = 8.3.2;
						ProvisioningStyle = Automatic;
					};
				};
			};
			buildConfigurationList = 804EBAF61ECB3D5800CF3A27 /* Build configuration list for PBXProject "Laborator Buxi" */;
			compatibilityVersion = "Xcode 3.2";
			developmentRegion = English;
			hasScannedForEncodings = 0;
			knownRegions = (
				en,
			);
			mainGroup = 804EBAF21ECB3D5800CF3A27;
			productRefGroup = 804EBAFC1ECB3D5900CF3A27 /* Products */;
			projectDirPath = "";
			projectRoot = "";
			targets = (
				804EBAFA1ECB3D5800CF3A27 /* Laborator Buxi */,
			);
		};
/* End PBXProject section */

/* Begin PBXSourcesBuildPhase section */
		804EBAF71ECB3D5800CF3A27 /* Sources */ = {
			isa = PBXSourcesBuildPhase;
			buildActionMask = 2147483647;
			files = (
				804EBB1B1ECB3EF000CF3A27 /* WatchList.cpp in Sources */,
				804EBB171ECB3EF000CF3A27 /* Movie.cpp in Sources */,
				804EBB151ECB3EF000CF3A27 /* DynamicVector.cpp in Sources */,
				804EBB191ECB3EF000CF3A27 /* Tests.cpp in Sources */,
				804EBB161ECB3EF000CF3A27 /* main.cpp in Sources */,
				804EBB1A1ECB3EF000CF3A27 /* UI.cpp in Sources */,
				804EBB141ECB3EF000CF3A27 /* Controller.cpp in Sources */,
				804EBB181ECB3EF000CF3A27 /* Repository.cpp in Sources */,
			);
			runOnlyForDeploymentPostprocessing = 0;
		};
/* End PBXSourcesBuildPhase section */

/* Begin XCBuildConfiguration section */
		804EBB001ECB3D5900CF3A27 /* Debug */ = {
			isa = XCBuildConfiguration;
			buildSettings = {
				ALWAYS_SEARCH_USER_PATHS = NO;
				CLANG_ANALYZER_NONNULL = YES;
				CLANG_ANALYZER_NUMBER_OBJECT_CONVERSION = YES_AGGRESSIVE;
				CLANG_CXX_LANGUAGE_STANDARD = "gnu++0x";
				CLANG_CXX_LIBRARY = "libc++";
				CLANG_ENABLE_MODULES = YES;
				CLANG_ENABLE_OBJC_ARC = YES;
				CLANG_WARN_BOOL_CONVERSION = YES;
				CLANG_WARN_CONSTANT_CONVERSION = YES;
				CLANG_WARN_DIRECT_OBJC_ISA_USAGE = YES_ERROR;
				CLANG_WARN_DOCUMENTATION_COMMENTS = YES;
				CLANG_WARN_EMPTY_BODY = YES;
				CLANG_WARN_ENUM_CONVERSION = YES;
				CLANG_WARN_INFINITE_RECURSION = YES;
				CLANG_WARN_INT_CONVERSION = YES;
				CLANG_WARN_OBJC_ROOT_CLASS = YES_ERROR;
				CLANG_WARN_SUSPICIOUS_MOVE = YES;
				CLANG_WARN_UNREACHABLE_CODE = YES;
				CLANG_WARN__DUPLICATE_METHOD_MATCH = YES;
				CODE_SIGN_IDENTITY = "-";
				COPY_PHASE_STRIP = NO;
				DEBUG_INFORMATION_FORMAT = dwarf;
				ENABLE_STRICT_OBJC_MSGSEND = YES;
				ENABLE_TESTABILITY = YES;
				GCC_C_LANGUAGE_STANDARD = gnu99;
				GCC_DYNAMIC_NO_PIC = NO;
				GCC_NO_COMMON_BLOCKS = YES;
				GCC_OPTIMIZATION_LEVEL = 0;
				GCC_PREPROCESSOR_DEFINITIONS = (
					"DEBUG=1",
					"$(inherited)",
				);
				GCC_WARN_64_TO_32_BIT_CONVERSION = YES;
				GCC_WARN_ABOUT_RETURN_TYPE = YES_ERROR;
				GCC_WARN_UNDECLARED_SELECTOR = YES;
				GCC_WARN_UNINITIALIZED_AUTOS = YES_AGGRESSIVE;
				GCC_WARN_UNUSED_FUNCTION = YES;
				GCC_WARN_UNUSED_VARIABLE = YES;
				MACOSX_DEPLOYMENT_TARGET = 10.12;
				MTL_ENABLE_DEBUG_INFO = YES;
				ONLY_ACTIVE_ARCH = YES;
				SDKROOT = macosx;
			};
			name = Debug;
		};
		804EBB011ECB3D5900CF3A27 /* Release */ = {
			isa = XCBuildConfiguration;
			buildSettings = {
				ALWAYS_SEARCH_USER_PATHS = NO;
				CLANG_ANALYZER_NONNULL = YES;
				CLANG_ANALYZER_NUMBER_OBJECT_CONVERSION = YES_AGGRESSIVE;
				CLANG_CXX_LANGUAGE_STANDARD = "gnu++0x";
				CLANG_CXX_LIBRARY = "libc++";
				CLANG_ENABLE_MODULES = YES;
				CLANG_ENABLE_OBJC_ARC = YES;
				CLANG_WARN_BOOL_CONVERSION = YES;
				CLANG_WARN_CONSTANT_CONVERSION = YES;
				CLANG_WARN_DIRECT_OBJC_ISA_USAGE = YES_ERROR;
				CLANG_WARN_DOCUMENTATION_COMMENTS = YES;
				CLANG_WARN_EMPTY_BODY = YES;
				CLANG_WARN_ENUM_CONVERSION = YES;
				CLANG_WARN_INFINITE_RECURSION = YES;
				CLANG_WARN_INT_CONVERSION = YES;
				CLANG_WARN_OBJC_ROOT_CLASS = YES_ERROR;
				CLANG_WARN_SUSPICIOUS_MOVE = YES;
				CLANG_WARN_UNREACHABLE_CODE = YES;
				CLANG_WARN__DUPLICATE_METHOD_MATCH = YES;
				CODE_SIGN_IDENTITY = "-";
				COPY_PHASE_STRIP = NO;
				DEBUG_INFORMATION_FORMAT = "dwarf-with-dsym";
				ENABLE_NS_ASSERTIONS = NO;
				ENABLE_STRICT_OBJC_MSGSEND = YES;
				GCC_C_LANGUAGE_STANDARD = gnu99;
				GCC_NO_COMMON_BLOCKS = YES;
				GCC_WARN_64_TO_32_BIT_CONVERSION = YES;
				GCC_WARN_ABOUT_RETURN_TYPE = YES_ERROR;
				GCC_WARN_UNDECLARED_SELECTOR = YES;
				GCC_WARN_UNINITIALIZED_AUTOS = YES_AGGRESSIVE;
				GCC_WARN_UNUSED_FUNCTION = YES;
				GCC_WARN_UNUSED_VARIABLE = YES;
				MACOSX_DEPLOYMENT_TARGET = 10.12;
				MTL_ENABLE_DEBUG_INFO = NO;
				SDKROOT = macosx;
			};
			name = Release;
		};
		804EBB031ECB3D5900CF3A27 /* Debug */ = {
			isa = XCBuildConfiguration;
			buildSettings = {
				PRODUCT_NAME = "$(TARGET_NAME)";
			};
			name = Debug;
		};
		804EBB041ECB3D5900CF3A27 /* Release */ = {
			isa = XCBuildConfiguration;
			buildSettings = {
				PRODUCT_NAME = "$(TARGET_NAME)";
			};
			name = Release;
		};
/* End XCBuildConfiguration section */

/* Begin XCConfigurationList section */
		804EBAF61ECB3D5800CF3A27 /* Build configuration list for PBXProject "Laborator Buxi" */ = {
			isa = XCConfigurationList;
			buildConfigurations = (
				804EBB001ECB3D5900CF3A27 /* Debug */,
				804EBB011ECB3D5900CF3A27 /* Release */,
			);
			defaultConfigurationIsVisible = 0;
			defaultConfigurationName = Release;
		};
		804EBB021ECB3D5900CF3A27 /* Build configuration list for PBXNativeTarget "Laborator Buxi" */ = {
			isa = XCConfigurationList;
			buildConfigurations = (
				804EBB031ECB3D5900CF3A27 /* Debug */,
				804EBB041ECB3D5900CF3A27 /* Release */,
			);
			defaultConfigurationIsVisible = 0;
		};
/* End XCConfigurationList section */
	};
	rootObject = 804EBAF31ECB3D5800CF3A27 /* Project object */;
}
